# This file was autogenerated by Stack.
# You should not edit this file by hand.
# For more information, please see the documentation at:
#   https://docs.haskellstack.org/en/stable/lock_files

packages:
- completed:
    hackage: recursion-schemes-5.2.2.2@sha256:8c004c36be481a1893526875bf5fc8e86b43152c64ee87ae59970084fa5fdcd0,3911
    pantry-tree:
      sha256: 834bf33efd94c75eefcc7a07a476cda2609eef892faed54d044e57e0d45f376a
      size: 747
  original:
    hackage: recursion-schemes-5.2.2.2
- completed:
    hackage: base-orphans-0.8.7@sha256:58d5514b688ec037f53b9d60097b9d87f6b3847da68f65124987d67222c3a334,3175
    pantry-tree:
      sha256: b2433cf19ebc5696130ecf39a3ed756cdb00fd508423643b0cdd6f125c9803da
      size: 1272
  original:
    hackage: base-orphans-0.8.7
- completed:
    hackage: comonad-5.0.8@sha256:1f1aabd73ec7f80f20cf078a748a60cd48d8e57277802fdf6a9ab3601a9b8f7e,3631
    pantry-tree:
      sha256: 394660fe7fa4127e5a181890bce28b9fcd6eb180ba25aa5566bc8b5bdd385517
      size: 1618
  original:
    hackage: comonad-5.0.8
- completed:
    hackage: data-fix-0.3.2@sha256:bdea17f6b17c1d327f53ae6806e1bc3ca7813b46742a93c6088c72837c8ae77c,1706
    pantry-tree:
      sha256: cc8600c8ee898aae772f3aa15a23313bf6f901e61e42670454a2ccb4ffc60f84
      size: 262
  original:
    hackage: data-fix-0.3.2
- completed:
    hackage: free-5.1.9@sha256:f4cef1f00b5686b4c93a4ed2306ebfa8fe27c5bd10adb8c57dfaf86f3bf3768c,5168
    pantry-tree:
      sha256: b3e50f71d8775e3ca1c174874db3737ff6538d34c5b69a4787281b668e6d1457
      size: 3308
  original:
    hackage: free-5.1.9
- completed:
    hackage: th-abstraction-0.4.4.0@sha256:89aa9d81c94883c9e16c3534041f31949194011fdcf43be450f090bfb300b58d,2148
    pantry-tree:
      sha256: 4ba3b66edafbc0a947bf94033d66fdff72f19cd64da14f812bbf61064c865f46
      size: 670
  original:
    hackage: th-abstraction-0.4.4.0
- completed:
    hackage: distributive-0.6.2.1@sha256:0f99f5541cca04acf89b64432b03422b6408e830a8dff30e6c4334ef1a48680c,2996
    pantry-tree:
      sha256: a42bed5fe0ba295643538312dee6c9436314c05a6f7efdd32b4303979f8bd744
      size: 735
  original:
    hackage: distributive-0.6.2.1
- completed:
    hackage: hashable-1.4.1.0@sha256:50b2f002c68fe67730ee7a3cd8607486197dd99b084255005ad51ecd6970a41b,5019
    pantry-tree:
      sha256: 9af2f7a42674f7effcabbebc043f97057240783f1709338a77f58216f4a5f18c
      size: 1248
  original:
    hackage: hashable-1.4.1.0
- completed:
    hackage: indexed-traversable-0.1.2@sha256:52a1b708abd921f91a5977f6ae53c4aa2b33f7c30be0fff17173f658b34c5350,2533
    pantry-tree:
      sha256: 0bedadc62cad982ab85dc4d57ca7cf353b526a46fd203addd9bf8b7cf0136c25
      size: 495
  original:
    hackage: indexed-traversable-0.1.2
- completed:
    hackage: profunctors-5.6.2@sha256:3d3685119243a7ebf984fa6af03299d156ab7674a432e2e15ecee2a4fd420fb6,2483
    pantry-tree:
      sha256: 2a839845b75d600ab5a51c582a740de87805f794caa5836b6a16250d9b535789
      size: 1588
  original:
    hackage: profunctors-5.6.2
- completed:
    hackage: semigroupoids-5.3.7@sha256:fb1a86c250997c269106645724a67bc358235245cf385b589f855ac070d4ada0,7488
    pantry-tree:
      sha256: 1ddbcc4c07bb3a195e718ecd432caa37f9b25c4d4b3fe270d16f480a3d925c4a
      size: 2404
  original:
    hackage: semigroupoids-5.3.7
- completed:
    hackage: tagged-0.8.6.1@sha256:8a24aef29b8e35447ccc56658ea07c2aded30bfa8130ea057e382936e17c74a6,2874
    pantry-tree:
      sha256: 38c9b55d6918304b17a6c70a51ad9d981e9f64e08121482d9a801d4e4681a7db
      size: 496
  original:
    hackage: tagged-0.8.6.1
- completed:
    hackage: transformers-base-0.4.6@sha256:6f18f320e371c8954c4b6b211e2fdd5d15a6d6310bd605b9d640f47ede408961,1643
    pantry-tree:
      sha256: 6c2d24a9678865e2a5f4b6286cb17228673a6987fb546bf07b89ffbd19716ad2
      size: 275
  original:
    hackage: transformers-base-0.4.6
- completed:
    hackage: transformers-compat-0.7.2@sha256:044fb9955f63ee138fcebedfdcbe54afe741f2d5892a2d0bdf3a8052bd342643,5601
    pantry-tree:
      sha256: f49610c6a2faf82111e5d4222576f4afbcfa904bf56665232c5aa077dfc7578f
      size: 1724
  original:
    hackage: transformers-compat-0.7.2
- completed:
    hackage: bifunctors-5.5.12@sha256:be0f858c893274deab8aa21f9e43b2f5931d9419604f23f82bb5c8a5d9b2c3e9,3948
    pantry-tree:
      sha256: 63073a0d1ebc4d3a3d59ed8b5a77c6510bc25f4b357e5c51df1bd772a41f591c
      size: 1758
  original:
    hackage: bifunctors-5.5.12
- completed:
    hackage: contravariant-1.5.5@sha256:470ed0e040e879e2da4af1b2c8f94e199f6135852a8107858d5ae0a95365835f,3041
    pantry-tree:
      sha256: 9eb62fea28548dc8a0f60fd47c12843092b78b24ed771b8ad63a0bb34dba8bc4
      size: 652
  original:
    hackage: contravariant-1.5.5
- completed:
    hackage: unordered-containers-0.2.19.1@sha256:db11042bb0356c0adea277d0794743829125b4c99455af6af2bd5f7bd5e88a39,3797
    pantry-tree:
      sha256: ac7a077274515b8afdf98138177b2fd2293c8bb346c5ec5caf2c5999da495112
      size: 1517
  original:
    hackage: unordered-containers-0.2.19.1
- completed:
    hackage: StateVar-1.2.2@sha256:3c022c00485fe165e3080d5da6b3ca9c9b02f62c5deebc584d1b3d1309ce673e,1673
    pantry-tree:
      sha256: 204cac98219e99334f47b12c565945611748ea03a4d629273dd697d738bcfd7f
      size: 314
  original:
    hackage: StateVar-1.2.2
snapshots: []
